// !$*UTF8*$!
{
	archiveVersion = 1;
	classes = {
	};
	objectVersion = 48;
	objects = {

/* Begin PBXBuildFile section */
		10547AAF1FABEDA9005F6692 /* AppDelegate.swift in Sources */ = {isa = PBXBuildFile; fileRef = 10547AAE1FABEDA9005F6692 /* AppDelegate.swift */; };
		10547AB11FABEDA9005F6692 /* ViewController.swift in Sources */ = {isa = PBXBuildFile; fileRef = 10547AB01FABEDA9005F6692 /* ViewController.swift */; };
		10547AB41FABEDA9005F6692 /* Main.storyboard in Resources */ = {isa = PBXBuildFile; fileRef = 10547AB21FABEDA9005F6692 /* Main.storyboard */; };
		10547AB61FABEDA9005F6692 /* Assets.xcassets in Resources */ = {isa = PBXBuildFile; fileRef = 10547AB51FABEDA9005F6692 /* Assets.xcassets */; };
		10547AB91FABEDA9005F6692 /* LaunchScreen.storyboard in Resources */ = {isa = PBXBuildFile; fileRef = 10547AB71FABEDA9005F6692 /* LaunchScreen.storyboard */; };
		10547AC41FABEDA9005F6692 /* BinanceSwiftTests.swift in Sources */ = {isa = PBXBuildFile; fileRef = 10547AC31FABEDA9005F6692 /* BinanceSwiftTests.swift */; };
		10547AD21FABF140005F6692 /* HTTPClient.swift in Sources */ = {isa = PBXBuildFile; fileRef = 10547AD11FABF140005F6692 /* HTTPClient.swift */; };
		10547AD41FABF559005F6692 /* APIConstants.swift in Sources */ = {isa = PBXBuildFile; fileRef = 10547AD31FABF559005F6692 /* APIConstants.swift */; };
		10547AD61FAC011C005F6692 /* BinanceClient.swift in Sources */ = {isa = PBXBuildFile; fileRef = 10547AD51FAC011C005F6692 /* BinanceClient.swift */; };
		10547AD81FAC03E0005F6692 /* BinanceClient+Market.swift in Sources */ = {isa = PBXBuildFile; fileRef = 10547AD71FAC03E0005F6692 /* BinanceClient+Market.swift */; };
		10547ADA1FAC0453005F6692 /* BinanceClient+Account.swift in Sources */ = {isa = PBXBuildFile; fileRef = 10547AD91FAC0453005F6692 /* BinanceClient+Account.swift */; };
		10547ADC1FAC0495005F6692 /* BinanceClient+General.swift in Sources */ = {isa = PBXBuildFile; fileRef = 10547ADB1FAC0495005F6692 /* BinanceClient+General.swift */; };
		10547ADF1FACBF44005F6692 /* APIParser.swift in Sources */ = {isa = PBXBuildFile; fileRef = 10547ADE1FACBF44005F6692 /* APIParser.swift */; };
		10547AE31FACC137005F6692 /* BinanceError.swift in Sources */ = {isa = PBXBuildFile; fileRef = 10547AE21FACC137005F6692 /* BinanceError.swift */; };
		10547AE51FACD123005F6692 /* Depth.swift in Sources */ = {isa = PBXBuildFile; fileRef = 10547AE41FACD123005F6692 /* Depth.swift */; };
		10547AE81FAD223C005F6692 /* BinanceClientInterface.swift in Sources */ = {isa = PBXBuildFile; fileRef = 10547AE71FAD223C005F6692 /* BinanceClientInterface.swift */; };
/* End PBXBuildFile section */

/* Begin PBXContainerItemProxy section */
		10547AC01FABEDA9005F6692 /* PBXContainerItemProxy */ = {
			isa = PBXContainerItemProxy;
			containerPortal = 10547AA31FABEDA9005F6692 /* Project object */;
			proxyType = 1;
			remoteGlobalIDString = 10547AAA1FABEDA9005F6692;
			remoteInfo = BinanceSwift;
		};
/* End PBXContainerItemProxy section */

/* Begin PBXFileReference section */
		10547AAB1FABEDA9005F6692 /* BinanceSwift.app */ = {isa = PBXFileReference; explicitFileType = wrapper.application; includeInIndex = 0; path = BinanceSwift.app; sourceTree = BUILT_PRODUCTS_DIR; };
		10547AAE1FABEDA9005F6692 /* AppDelegate.swift */ = {isa = PBXFileReference; lastKnownFileType = sourcecode.swift; path = AppDelegate.swift; sourceTree = "<group>"; };
		10547AB01FABEDA9005F6692 /* ViewController.swift */ = {isa = PBXFileReference; lastKnownFileType = sourcecode.swift; path = ViewController.swift; sourceTree = "<group>"; };
		10547AB31FABEDA9005F6692 /* Base */ = {isa = PBXFileReference; lastKnownFileType = file.storyboard; name = Base; path = Base.lproj/Main.storyboard; sourceTree = "<group>"; };
		10547AB51FABEDA9005F6692 /* Assets.xcassets */ = {isa = PBXFileReference; lastKnownFileType = folder.assetcatalog; path = Assets.xcassets; sourceTree = "<group>"; };
		10547AB81FABEDA9005F6692 /* Base */ = {isa = PBXFileReference; lastKnownFileType = file.storyboard; name = Base; path = Base.lproj/LaunchScreen.storyboard; sourceTree = "<group>"; };
		10547ABA1FABEDA9005F6692 /* Info.plist */ = {isa = PBXFileReference; lastKnownFileType = text.plist.xml; path = Info.plist; sourceTree = "<group>"; };
		10547ABF1FABEDA9005F6692 /* BinanceSwiftTests.xctest */ = {isa = PBXFileReference; explicitFileType = wrapper.cfbundle; includeInIndex = 0; path = BinanceSwiftTests.xctest; sourceTree = BUILT_PRODUCTS_DIR; };
		10547AC31FABEDA9005F6692 /* BinanceSwiftTests.swift */ = {isa = PBXFileReference; lastKnownFileType = sourcecode.swift; path = BinanceSwiftTests.swift; sourceTree = "<group>"; };
		10547AC51FABEDA9005F6692 /* Info.plist */ = {isa = PBXFileReference; lastKnownFileType = text.plist.xml; path = Info.plist; sourceTree = "<group>"; };
		10547AD11FABF140005F6692 /* HTTPClient.swift */ = {isa = PBXFileReference; lastKnownFileType = sourcecode.swift; path = HTTPClient.swift; sourceTree = "<group>"; };
		10547AD31FABF559005F6692 /* APIConstants.swift */ = {isa = PBXFileReference; lastKnownFileType = sourcecode.swift; path = APIConstants.swift; sourceTree = "<group>"; };
		10547AD51FAC011C005F6692 /* BinanceClient.swift */ = {isa = PBXFileReference; lastKnownFileType = sourcecode.swift; path = BinanceClient.swift; sourceTree = "<group>"; };
		10547AD71FAC03E0005F6692 /* BinanceClient+Market.swift */ = {isa = PBXFileReference; lastKnownFileType = sourcecode.swift; path = "BinanceClient+Market.swift"; sourceTree = "<group>"; };
		10547AD91FAC0453005F6692 /* BinanceClient+Account.swift */ = {isa = PBXFileReference; lastKnownFileType = sourcecode.swift; path = "BinanceClient+Account.swift"; sourceTree = "<group>"; };
		10547ADB1FAC0495005F6692 /* BinanceClient+General.swift */ = {isa = PBXFileReference; lastKnownFileType = sourcecode.swift; path = "BinanceClient+General.swift"; sourceTree = "<group>"; };
		10547ADE1FACBF44005F6692 /* APIParser.swift */ = {isa = PBXFileReference; lastKnownFileType = sourcecode.swift; path = APIParser.swift; sourceTree = "<group>"; };
		10547AE21FACC137005F6692 /* BinanceError.swift */ = {isa = PBXFileReference; lastKnownFileType = sourcecode.swift; path = BinanceError.swift; sourceTree = "<group>"; };
		10547AE41FACD123005F6692 /* Depth.swift */ = {isa = PBXFileReference; lastKnownFileType = sourcecode.swift; path = Depth.swift; sourceTree = "<group>"; };
		10547AE71FAD223C005F6692 /* BinanceClientInterface.swift */ = {isa = PBXFileReference; lastKnownFileType = sourcecode.swift; path = BinanceClientInterface.swift; sourceTree = "<group>"; };
/* End PBXFileReference section */

/* Begin PBXFrameworksBuildPhase section */
		10547AA81FABEDA9005F6692 /* Frameworks */ = {
			isa = PBXFrameworksBuildPhase;
			buildActionMask = 2147483647;
			files = (
			);
			runOnlyForDeploymentPostprocessing = 0;
		};
		10547ABC1FABEDA9005F6692 /* Frameworks */ = {
			isa = PBXFrameworksBuildPhase;
			buildActionMask = 2147483647;
			files = (
			);
			runOnlyForDeploymentPostprocessing = 0;
		};
/* End PBXFrameworksBuildPhase section */

/* Begin PBXGroup section */
		10547AA21FABEDA9005F6692 = {
			isa = PBXGroup;
			children = (
				10547AE61FAD2191005F6692 /* Source */,
				10547AAD1FABEDA9005F6692 /* Example App */,
				10547AAC1FABEDA9005F6692 /* Products */,
			);
			sourceTree = "<group>";
		};
		10547AAC1FABEDA9005F6692 /* Products */ = {
			isa = PBXGroup;
			children = (
				10547AAB1FABEDA9005F6692 /* BinanceSwift.app */,
				10547ABF1FABEDA9005F6692 /* BinanceSwiftTests.xctest */,
			);
			name = Products;
			sourceTree = "<group>";
		};
		10547AAD1FABEDA9005F6692 /* Example App */ = {
			isa = PBXGroup;
			children = (
				10547AAE1FABEDA9005F6692 /* AppDelegate.swift */,
				10547AB01FABEDA9005F6692 /* ViewController.swift */,
				10547AB21FABEDA9005F6692 /* Main.storyboard */,
				10547AB51FABEDA9005F6692 /* Assets.xcassets */,
				10547AB71FABEDA9005F6692 /* LaunchScreen.storyboard */,
				10547ABA1FABEDA9005F6692 /* Info.plist */,
			);
			path = "Example App";
			sourceTree = "<group>";
		};
		10547AC21FABEDA9005F6692 /* Tests */ = {
			isa = PBXGroup;
			children = (
				10547AC31FABEDA9005F6692 /* BinanceSwiftTests.swift */,
				10547AC51FABEDA9005F6692 /* Info.plist */,
			);
			path = Tests;
			sourceTree = "<group>";
		};
		10547ACE1FABEFC7005F6692 /* Models */ = {
			isa = PBXGroup;
			children = (
				10547AE41FACD123005F6692 /* Depth.swift */,
			);
			path = Models;
			sourceTree = "<group>";
		};
		10547ACF1FABEFD3005F6692 /* Networking */ = {
			isa = PBXGroup;
			children = (
				10547AD11FABF140005F6692 /* HTTPClient.swift */,
				10547AD31FABF559005F6692 /* APIConstants.swift */,
				10547ADE1FACBF44005F6692 /* APIParser.swift */,
			);
			path = Networking;
			sourceTree = "<group>";
		};
		10547AD01FABEFE8005F6692 /* Client */ = {
			isa = PBXGroup;
			children = (
				10547AE71FAD223C005F6692 /* BinanceClientInterface.swift */,
				10547AD51FAC011C005F6692 /* BinanceClient.swift */,
				10547ADB1FAC0495005F6692 /* BinanceClient+General.swift */,
				10547AD71FAC03E0005F6692 /* BinanceClient+Market.swift */,
				10547AD91FAC0453005F6692 /* BinanceClient+Account.swift */,
			);
			path = Client;
			sourceTree = "<group>";
		};
		10547ADD1FACBF09005F6692 /* Utilities */ = {
			isa = PBXGroup;
			children = (
				10547AE21FACC137005F6692 /* BinanceError.swift */,
			);
			path = Utilities;
			sourceTree = "<group>";
		};
		10547AE61FAD2191005F6692 /* Source */ = {
			isa = PBXGroup;
			children = (
				10547AD01FABEFE8005F6692 /* Client */,
				10547ACE1FABEFC7005F6692 /* Models */,
				10547ACF1FABEFD3005F6692 /* Networking */,
				10547ADD1FACBF09005F6692 /* Utilities */,
				10547AC21FABEDA9005F6692 /* Tests */,
			);
			path = Source;
			sourceTree = "<group>";
		};
/* End PBXGroup section */

/* Begin PBXNativeTarget section */
		10547AAA1FABEDA9005F6692 /* BinanceSwift */ = {
			isa = PBXNativeTarget;
			buildConfigurationList = 10547AC81FABEDA9005F6692 /* Build configuration list for PBXNativeTarget "BinanceSwift" */;
			buildPhases = (
				10547AA71FABEDA9005F6692 /* Sources */,
				10547AA81FABEDA9005F6692 /* Frameworks */,
				10547AA91FABEDA9005F6692 /* Resources */,
			);
			buildRules = (
			);
			dependencies = (
			);
			name = BinanceSwift;
			productName = BinanceSwift;
			productReference = 10547AAB1FABEDA9005F6692 /* BinanceSwift.app */;
			productType = "com.apple.product-type.application";
		};
		10547ABE1FABEDA9005F6692 /* BinanceSwiftTests */ = {
			isa = PBXNativeTarget;
			buildConfigurationList = 10547ACB1FABEDA9005F6692 /* Build configuration list for PBXNativeTarget "BinanceSwiftTests" */;
			buildPhases = (
				10547ABB1FABEDA9005F6692 /* Sources */,
				10547ABC1FABEDA9005F6692 /* Frameworks */,
				10547ABD1FABEDA9005F6692 /* Resources */,
			);
			buildRules = (
			);
			dependencies = (
				10547AC11FABEDA9005F6692 /* PBXTargetDependency */,
			);
			name = BinanceSwiftTests;
			productName = BinanceSwiftTests;
			productReference = 10547ABF1FABEDA9005F6692 /* BinanceSwiftTests.xctest */;
			productType = "com.apple.product-type.bundle.unit-test";
		};
/* End PBXNativeTarget section */

/* Begin PBXProject section */
		10547AA31FABEDA9005F6692 /* Project object */ = {
			isa = PBXProject;
			attributes = {
				LastSwiftUpdateCheck = 0900;
				LastUpgradeCheck = 0900;
				ORGANIZATIONNAME = "Cardinal Labs";
				TargetAttributes = {
					10547AAA1FABEDA9005F6692 = {
						CreatedOnToolsVersion = 9.0;
						ProvisioningStyle = Automatic;
					};
					10547ABE1FABEDA9005F6692 = {
						CreatedOnToolsVersion = 9.0;
						ProvisioningStyle = Automatic;
						TestTargetID = 10547AAA1FABEDA9005F6692;
					};
				};
			};
			buildConfigurationList = 10547AA61FABEDA9005F6692 /* Build configuration list for PBXProject "BinanceSwift" */;
			compatibilityVersion = "Xcode 8.0";
			developmentRegion = en;
			hasScannedForEncodings = 0;
			knownRegions = (
				en,
				Base,
			);
			mainGroup = 10547AA21FABEDA9005F6692;
			productRefGroup = 10547AAC1FABEDA9005F6692 /* Products */;
			projectDirPath = "";
			projectRoot = "";
			targets = (
				10547AAA1FABEDA9005F6692 /* BinanceSwift */,
				10547ABE1FABEDA9005F6692 /* BinanceSwiftTests */,
			);
		};
/* End PBXProject section */

/* Begin PBXResourcesBuildPhase section */
		10547AA91FABEDA9005F6692 /* Resources */ = {
			isa = PBXResourcesBuildPhase;
			buildActionMask = 2147483647;
			files = (
				10547AB91FABEDA9005F6692 /* LaunchScreen.storyboard in Resources */,
				10547AB61FABEDA9005F6692 /* Assets.xcassets in Resources */,
				10547AB41FABEDA9005F6692 /* Main.storyboard in Resources */,
			);
			runOnlyForDeploymentPostprocessing = 0;
		};
		10547ABD1FABEDA9005F6692 /* Resources */ = {
			isa = PBXResourcesBuildPhase;
			buildActionMask = 2147483647;
			files = (
			);
			runOnlyForDeploymentPostprocessing = 0;
		};
/* End PBXResourcesBuildPhase section */

/* Begin PBXSourcesBuildPhase section */
		10547AA71FABEDA9005F6692 /* Sources */ = {
			isa = PBXSourcesBuildPhase;
			buildActionMask = 2147483647;
			files = (
				10547AD41FABF559005F6692 /* APIConstants.swift in Sources */,
				10547AE51FACD123005F6692 /* Depth.swift in Sources */,
				10547AD61FAC011C005F6692 /* BinanceClient.swift in Sources */,
				10547AB11FABEDA9005F6692 /* ViewController.swift in Sources */,
				10547ADA1FAC0453005F6692 /* BinanceClient+Account.swift in Sources */,
				10547AAF1FABEDA9005F6692 /* AppDelegate.swift in Sources */,
				10547AE31FACC137005F6692 /* BinanceError.swift in Sources */,
				10547AE81FAD223C005F6692 /* BinanceClientInterface.swift in Sources */,
				10547AD21FABF140005F6692 /* HTTPClient.swift in Sources */,
				10547ADC1FAC0495005F6692 /* BinanceClient+General.swift in Sources */,
				10547ADF1FACBF44005F6692 /* APIParser.swift in Sources */,
				10547AD81FAC03E0005F6692 /* BinanceClient+Market.swift in Sources */,
			);
			runOnlyForDeploymentPostprocessing = 0;
		};
		10547ABB1FABEDA9005F6692 /* Sources */ = {
			isa = PBXSourcesBuildPhase;
			buildActionMask = 2147483647;
			files = (
				10547AC41FABEDA9005F6692 /* BinanceSwiftTests.swift in Sources */,
			);
			runOnlyForDeploymentPostprocessing = 0;
		};
/* End PBXSourcesBuildPhase section */

/* Begin PBXTargetDependency section */
		10547AC11FABEDA9005F6692 /* PBXTargetDependency */ = {
			isa = PBXTargetDependency;
			target = 10547AAA1FABEDA9005F6692 /* BinanceSwift */;
			targetProxy = 10547AC01FABEDA9005F6692 /* PBXContainerItemProxy */;
		};
/* End PBXTargetDependency section */

/* Begin PBXVariantGroup section */
		10547AB21FABEDA9005F6692 /* Main.storyboard */ = {
			isa = PBXVariantGroup;
			children = (
				10547AB31FABEDA9005F6692 /* Base */,
			);
			name = Main.storyboard;
			sourceTree = "<group>";
		};
		10547AB71FABEDA9005F6692 /* LaunchScreen.storyboard */ = {
			isa = PBXVariantGroup;
			children = (
				10547AB81FABEDA9005F6692 /* Base */,
			);
			name = LaunchScreen.storyboard;
			sourceTree = "<group>";
		};
/* End PBXVariantGroup section */

/* Begin XCBuildConfiguration section */
		10547AC61FABEDA9005F6692 /* Debug */ = {
			isa = XCBuildConfiguration;
			buildSettings = {
				ALWAYS_SEARCH_USER_PATHS = NO;
				CLANG_ANALYZER_NONNULL = YES;
				CLANG_ANALYZER_NUMBER_OBJECT_CONVERSION = YES_AGGRESSIVE;
				CLANG_CXX_LANGUAGE_STANDARD = "gnu++14";
				CLANG_CXX_LIBRARY = "libc++";
				CLANG_ENABLE_MODULES = YES;
				CLANG_ENABLE_OBJC_ARC = YES;
				CLANG_WARN_BLOCK_CAPTURE_AUTORELEASING = YES;
				CLANG_WARN_BOOL_CONVERSION = YES;
				CLANG_WARN_COMMA = YES;
				CLANG_WARN_CONSTANT_CONVERSION = YES;
				CLANG_WARN_DIRECT_OBJC_ISA_USAGE = YES_ERROR;
				CLANG_WARN_DOCUMENTATION_COMMENTS = YES;
				CLANG_WARN_EMPTY_BODY = YES;
				CLANG_WARN_ENUM_CONVERSION = YES;
				CLANG_WARN_INFINITE_RECURSION = YES;
				CLANG_WARN_INT_CONVERSION = YES;
				CLANG_WARN_NON_LITERAL_NULL_CONVERSION = YES;
				CLANG_WARN_OBJC_LITERAL_CONVERSION = YES;
				CLANG_WARN_OBJC_ROOT_CLASS = YES_ERROR;
				CLANG_WARN_RANGE_LOOP_ANALYSIS = YES;
				CLANG_WARN_STRICT_PROTOTYPES = YES;
				CLANG_WARN_SUSPICIOUS_MOVE = YES;
				CLANG_WARN_UNGUARDED_AVAILABILITY = YES_AGGRESSIVE;
				CLANG_WARN_UNREACHABLE_CODE = YES;
				CLANG_WARN__DUPLICATE_METHOD_MATCH = YES;
				CODE_SIGN_IDENTITY = "iPhone Developer";
				COPY_PHASE_STRIP = NO;
				DEBUG_INFORMATION_FORMAT = dwarf;
				ENABLE_STRICT_OBJC_MSGSEND = YES;
				ENABLE_TESTABILITY = YES;
				GCC_C_LANGUAGE_STANDARD = gnu11;
				GCC_DYNAMIC_NO_PIC = NO;
				GCC_NO_COMMON_BLOCKS = YES;
				GCC_OPTIMIZATION_LEVEL = 0;
				GCC_PREPROCESSOR_DEFINITIONS = (
					"DEBUG=1",
					"$(inherited)",
				);
				GCC_WARN_64_TO_32_BIT_CONVERSION = YES;
				GCC_WARN_ABOUT_RETURN_TYPE = YES_ERROR;
				GCC_WARN_UNDECLARED_SELECTOR = YES;
				GCC_WARN_UNINITIALIZED_AUTOS = YES_AGGRESSIVE;
				GCC_WARN_UNUSED_FUNCTION = YES;
				GCC_WARN_UNUSED_VARIABLE = YES;
				IPHONEOS_DEPLOYMENT_TARGET = 11.0;
				MTL_ENABLE_DEBUG_INFO = YES;
				ONLY_ACTIVE_ARCH = YES;
				SDKROOT = iphoneos;
				SWIFT_ACTIVE_COMPILATION_CONDITIONS = DEBUG;
				SWIFT_OPTIMIZATION_LEVEL = "-Onone";
			};
			name = Debug;
		};
		10547AC71FABEDA9005F6692 /* Release */ = {
			isa = XCBuildConfiguration;
			buildSettings = {
				ALWAYS_SEARCH_USER_PATHS = NO;
				CLANG_ANALYZER_NONNULL = YES;
				CLANG_ANALYZER_NUMBER_OBJECT_CONVERSION = YES_AGGRESSIVE;
				CLANG_CXX_LANGUAGE_STANDARD = "gnu++14";
				CLANG_CXX_LIBRARY = "libc++";
				CLANG_ENABLE_MODULES = YES;
				CLANG_ENABLE_OBJC_ARC = YES;
				CLANG_WARN_BLOCK_CAPTURE_AUTORELEASING = YES;
				CLANG_WARN_BOOL_CONVERSION = YES;
				CLANG_WARN_COMMA = YES;
				CLANG_WARN_CONSTANT_CONVERSION = YES;
				CLANG_WARN_DIRECT_OBJC_ISA_USAGE = YES_ERROR;
				CLANG_WARN_DOCUMENTATION_COMMENTS = YES;
				CLANG_WARN_EMPTY_BODY = YES;
				CLANG_WARN_ENUM_CONVERSION = YES;
				CLANG_WARN_INFINITE_RECURSION = YES;
				CLANG_WARN_INT_CONVERSION = YES;
				CLANG_WARN_NON_LITERAL_NULL_CONVERSION = YES;
				CLANG_WARN_OBJC_LITERAL_CONVERSION = YES;
				CLANG_WARN_OBJC_ROOT_CLASS = YES_ERROR;
				CLANG_WARN_RANGE_LOOP_ANALYSIS = YES;
				CLANG_WARN_STRICT_PROTOTYPES = YES;
				CLANG_WARN_SUSPICIOUS_MOVE = YES;
				CLANG_WARN_UNGUARDED_AVAILABILITY = YES_AGGRESSIVE;
				CLANG_WARN_UNREACHABLE_CODE = YES;
				CLANG_WARN__DUPLICATE_METHOD_MATCH = YES;
				CODE_SIGN_IDENTITY = "iPhone Developer";
				COPY_PHASE_STRIP = NO;
				DEBUG_INFORMATION_FORMAT = "dwarf-with-dsym";
				ENABLE_NS_ASSERTIONS = NO;
				ENABLE_STRICT_OBJC_MSGSEND = YES;
				GCC_C_LANGUAGE_STANDARD = gnu11;
				GCC_NO_COMMON_BLOCKS = YES;
				GCC_WARN_64_TO_32_BIT_CONVERSION = YES;
				GCC_WARN_ABOUT_RETURN_TYPE = YES_ERROR;
				GCC_WARN_UNDECLARED_SELECTOR = YES;
				GCC_WARN_UNINITIALIZED_AUTOS = YES_AGGRESSIVE;
				GCC_WARN_UNUSED_FUNCTION = YES;
				GCC_WARN_UNUSED_VARIABLE = YES;
				IPHONEOS_DEPLOYMENT_TARGET = 11.0;
				MTL_ENABLE_DEBUG_INFO = NO;
				SDKROOT = iphoneos;
				SWIFT_OPTIMIZATION_LEVEL = "-Owholemodule";
				VALIDATE_PRODUCT = YES;
			};
			name = Release;
		};
		10547AC91FABEDA9005F6692 /* Debug */ = {
			isa = XCBuildConfiguration;
			buildSettings = {
				ASSETCATALOG_COMPILER_APPICON_NAME = AppIcon;
				CODE_SIGN_STYLE = Automatic;
				DEVELOPMENT_TEAM = 38C527AXUX;
				INFOPLIST_FILE = "$(SRCROOT)/Example App/Info.plist";
				LD_RUNPATH_SEARCH_PATHS = "$(inherited) @executable_path/Frameworks";
				PRODUCT_BUNDLE_IDENTIFIER = com.cardinalLabs.BinanceSwift;
				PRODUCT_NAME = "$(TARGET_NAME)";
				SWIFT_VERSION = 4.0;
				TARGETED_DEVICE_FAMILY = "1,2";
			};
			name = Debug;
		};
		10547ACA1FABEDA9005F6692 /* Release */ = {
			isa = XCBuildConfiguration;
			buildSettings = {
				ASSETCATALOG_COMPILER_APPICON_NAME = AppIcon;
				CODE_SIGN_STYLE = Automatic;
				DEVELOPMENT_TEAM = 38C527AXUX;
				INFOPLIST_FILE = "$(SRCROOT)/Example App/Info.plist";
				LD_RUNPATH_SEARCH_PATHS = "$(inherited) @executable_path/Frameworks";
				PRODUCT_BUNDLE_IDENTIFIER = com.cardinalLabs.BinanceSwift;
				PRODUCT_NAME = "$(TARGET_NAME)";
				SWIFT_VERSION = 4.0;
				TARGETED_DEVICE_FAMILY = "1,2";
			};
			name = Release;
		};
		10547ACC1FABEDA9005F6692 /* Debug */ = {
			isa = XCBuildConfiguration;
			buildSettings = {
				ALWAYS_EMBED_SWIFT_STANDARD_LIBRARIES = YES;
				BUNDLE_LOADER = "$(TEST_HOST)";
				CODE_SIGN_STYLE = Automatic;
				DEVELOPMENT_TEAM = 38C527AXUX;
				INFOPLIST_FILE = BinanceSwiftTests/Info.plist;
				LD_RUNPATH_SEARCH_PATHS = "$(inherited) @executable_path/Frameworks @loader_path/Frameworks";
				PRODUCT_BUNDLE_IDENTIFIER = com.cardinalLabs.BinanceSwiftTests;
				PRODUCT_NAME = "$(TARGET_NAME)";
				SWIFT_VERSION = 4.0;
				TARGETED_DEVICE_FAMILY = "1,2";
				TEST_HOST = "$(BUILT_PRODUCTS_DIR)/BinanceSwift.app/BinanceSwift";
			};
			name = Debug;
		};
		10547ACD1FABEDA9005F6692 /* Release */ = {
			isa = XCBuildConfiguration;
			buildSettings = {
				ALWAYS_EMBED_SWIFT_STANDARD_LIBRARIES = YES;
				BUNDLE_LOADER = "$(TEST_HOST)";
				CODE_SIGN_STYLE = Automatic;
				DEVELOPMENT_TEAM = 38C527AXUX;
				INFOPLIST_FILE = BinanceSwiftTests/Info.plist;
				LD_RUNPATH_SEARCH_PATHS = "$(inherited) @executable_path/Frameworks @loader_path/Frameworks";
				PRODUCT_BUNDLE_IDENTIFIER = com.cardinalLabs.BinanceSwiftTests;
				PRODUCT_NAME = "$(TARGET_NAME)";
				SWIFT_VERSION = 4.0;
				TARGETED_DEVICE_FAMILY = "1,2";
				TEST_HOST = "$(BUILT_PRODUCTS_DIR)/BinanceSwift.app/BinanceSwift";
			};
			name = Release;
		};
/* End XCBuildConfiguration section */

/* Begin XCConfigurationList section */
		10547AA61FABEDA9005F6692 /* Build configuration list for PBXProject "BinanceSwift" */ = {
			isa = XCConfigurationList;
			buildConfigurations = (
				10547AC61FABEDA9005F6692 /* Debug */,
				10547AC71FABEDA9005F6692 /* Release */,
			);
			defaultConfigurationIsVisible = 0;
			defaultConfigurationName = Release;
		};
		10547AC81FABEDA9005F6692 /* Build configuration list for PBXNativeTarget "BinanceSwift" */ = {
			isa = XCConfigurationList;
			buildConfigurations = (
				10547AC91FABEDA9005F6692 /* Debug */,
				10547ACA1FABEDA9005F6692 /* Release */,
			);
			defaultConfigurationIsVisible = 0;
			defaultConfigurationName = Release;
		};
		10547ACB1FABEDA9005F6692 /* Build configuration list for PBXNativeTarget "BinanceSwiftTests" */ = {
			isa = XCConfigurationList;
			buildConfigurations = (
				10547ACC1FABEDA9005F6692 /* Debug */,
				10547ACD1FABEDA9005F6692 /* Release */,
			);
			defaultConfigurationIsVisible = 0;
			defaultConfigurationName = Release;
		};
/* End XCConfigurationList section */
	};
	rootObject = 10547AA31FABEDA9005F6692 /* Project object */;
}
